
Microsoft Visual Studio Solution File, Format Version 12.00
# Visual Studio Version 17
VisualStudioVersion = 17.1.32210.238
MinimumVisualStudioVersion = 10.0.40219.1
Project("{FAE04EC0-301F-11D3-BF4B-00C04F79EFBC}") = "Hangman", "Hangman\Hangman.csproj", "{4DED23C0-D9EB-40B6-818B-6261B1A96C6B}"
EndProject
Global
	GlobalSection(SolutionConfigurationPlatforms) = preSolution
		Debug|Any CPU = Debug|Any CPU
		Release|Any CPU = Release|Any CPU
	EndGlobalSection
	GlobalSection(ProjectConfigurationPlatforms) = postSolution
		{4DED23C0-D9EB-40B6-818B-6261B1A96C6B}.Debug|Any CPU.ActiveCfg = Debug|Any CPU
		{4DED23C0-D9EB-40B6-818B-6261B1A96C6B}.Debug|Any CPU.Build.0 = Debug|Any CPU
		{4DED23C0-D9EB-40B6-818B-6261B1A96C6B}.Release|Any CPU.ActiveCfg = Release|Any CPU
		{4DED23C0-D9EB-40B6-818B-6261B1A96C6B}.Release|Any CPU.Build.0 = Release|Any CPU
	EndGlobalSection
	GlobalSection(SolutionProperties) = preSolution
		HideSolutionNode = FALSE
	EndGlobalSection
	GlobalSection(ExtensibilityGlobals) = postSolution
		SolutionGuid = {2CE46D5E-9177-45D0-9B43-2487AD1D73CC}
	EndGlobalSection
EndGlobal
